// !$*UTF8*$!
{
	archiveVersion = 1;
	classes = {
	};
	objectVersion = 50;
	objects = {

/* Begin PBXBuildFile section */
		FB5D24D420D2D27E00A3C150 /* AppDelegate.swift in Sources */ = {isa = PBXBuildFile; fileRef = FB5D24D320D2D27E00A3C150 /* AppDelegate.swift */; };
		FB5D24D620D2D27E00A3C150 /* ViewController.swift in Sources */ = {isa = PBXBuildFile; fileRef = FB5D24D520D2D27E00A3C150 /* ViewController.swift */; };
		FB5D24D920D2D27E00A3C150 /* Main.storyboard in Resources */ = {isa = PBXBuildFile; fileRef = FB5D24D720D2D27E00A3C150 /* Main.storyboard */; };
		FB5D24DB20D2D28000A3C150 /* Assets.xcassets in Resources */ = {isa = PBXBuildFile; fileRef = FB5D24DA20D2D28000A3C150 /* Assets.xcassets */; };
		FB5D24DE20D2D28000A3C150 /* LaunchScreen.storyboard in Resources */ = {isa = PBXBuildFile; fileRef = FB5D24DC20D2D28000A3C150 /* LaunchScreen.storyboard */; };
		FB5D24E920D2D28000A3C150 /* gameTests.swift in Sources */ = {isa = PBXBuildFile; fileRef = FB5D24E820D2D28000A3C150 /* gameTests.swift */; };
		FB5D24F420D2D28000A3C150 /* gameUITests.swift in Sources */ = {isa = PBXBuildFile; fileRef = FB5D24F320D2D28000A3C150 /* gameUITests.swift */; };
		FB5D254220D2DD9D00A3C150 /* GameScene.swift in Sources */ = {isa = PBXBuildFile; fileRef = FB5D254120D2DD9D00A3C150 /* GameScene.swift */; };
		FBD5AEB320D6880F0098619D /* GameOver.swift in Sources */ = {isa = PBXBuildFile; fileRef = FBD5AEB220D6880F0098619D /* GameOver.swift */; };
		FBD5AECA20D69B510098619D /* laserBlue13.png in Resources */ = {isa = PBXBuildFile; fileRef = FBD5AEB520D69B510098619D /* laserBlue13.png */; };
		FBD5AECB20D69B510098619D /* laserBlue12.png in Resources */ = {isa = PBXBuildFile; fileRef = FBD5AEB620D69B510098619D /* laserBlue12.png */; };
		FBD5AECC20D69B510098619D /* laserBlue15.png in Resources */ = {isa = PBXBuildFile; fileRef = FBD5AEB720D69B510098619D /* laserBlue15.png */; };
		FBD5AECD20D69B510098619D /* laserBlue14.png in Resources */ = {isa = PBXBuildFile; fileRef = FBD5AEB820D69B510098619D /* laserBlue14.png */; };
		FBD5AECE20D69B510098619D /* laserBlue16.png in Resources */ = {isa = PBXBuildFile; fileRef = FBD5AEB920D69B510098619D /* laserBlue16.png */; };
		FBD5AECF20D69B510098619D /* ufoBlue.png in Resources */ = {isa = PBXBuildFile; fileRef = FBD5AEBA20D69B510098619D /* ufoBlue.png */; };
		FBD5AED020D69B510098619D /* ship1.png in Resources */ = {isa = PBXBuildFile; fileRef = FBD5AEBB20D69B510098619D /* ship1.png */; };
		FBD5AED120D69B510098619D /* meteorBrown_big3.png in Resources */ = {isa = PBXBuildFile; fileRef = FBD5AEBD20D69B510098619D /* meteorBrown_big3.png */; };
		FBD5AED220D69B510098619D /* meteorBrown_big2.png in Resources */ = {isa = PBXBuildFile; fileRef = FBD5AEBE20D69B510098619D /* meteorBrown_big2.png */; };
		FBD5AED320D69B510098619D /* meteorBrown_big1.png in Resources */ = {isa = PBXBuildFile; fileRef = FBD5AEBF20D69B510098619D /* meteorBrown_big1.png */; };
		FBD5AED420D69B510098619D /* meteorGrey_med2.png in Resources */ = {isa = PBXBuildFile; fileRef = FBD5AEC020D69B510098619D /* meteorGrey_med2.png */; };
		FBD5AED520D69B510098619D /* meteorBrown_big4.png in Resources */ = {isa = PBXBuildFile; fileRef = FBD5AEC120D69B510098619D /* meteorBrown_big4.png */; };
		FBD5AED620D69B510098619D /* meteorGrey_med1.png in Resources */ = {isa = PBXBuildFile; fileRef = FBD5AEC220D69B510098619D /* meteorGrey_med1.png */; };
		FBD5AED720D69B510098619D /* meteorGrey_big2.png in Resources */ = {isa = PBXBuildFile; fileRef = FBD5AEC320D69B510098619D /* meteorGrey_big2.png */; };
		FBD5AED820D69B510098619D /* meteorGrey_big3.png in Resources */ = {isa = PBXBuildFile; fileRef = FBD5AEC420D69B510098619D /* meteorGrey_big3.png */; };
		FBD5AED920D69B510098619D /* meteorGrey_big1.png in Resources */ = {isa = PBXBuildFile; fileRef = FBD5AEC520D69B510098619D /* meteorGrey_big1.png */; };
		FBD5AEDA20D69B510098619D /* meteorBrown_med3.png in Resources */ = {isa = PBXBuildFile; fileRef = FBD5AEC620D69B510098619D /* meteorBrown_med3.png */; };
		FBD5AEDB20D69B510098619D /* meteorGrey_big4.png in Resources */ = {isa = PBXBuildFile; fileRef = FBD5AEC720D69B510098619D /* meteorGrey_big4.png */; };
		FBD5AEDC20D69B510098619D /* meteorBrown_med1.png in Resources */ = {isa = PBXBuildFile; fileRef = FBD5AEC820D69B510098619D /* meteorBrown_med1.png */; };
		FBD5AEDD20D69B510098619D /* purple.png in Resources */ = {isa = PBXBuildFile; fileRef = FBD5AEC920D69B510098619D /* purple.png */; };
/* End PBXBuildFile section */

/* Begin PBXContainerItemProxy section */
		FB5D24E520D2D28000A3C150 /* PBXContainerItemProxy */ = {
			isa = PBXContainerItemProxy;
			containerPortal = FB5D24C820D2D27E00A3C150 /* Project object */;
			proxyType = 1;
			remoteGlobalIDString = FB5D24CF20D2D27E00A3C150;
			remoteInfo = game;
		};
		FB5D24F020D2D28000A3C150 /* PBXContainerItemProxy */ = {
			isa = PBXContainerItemProxy;
			containerPortal = FB5D24C820D2D27E00A3C150 /* Project object */;
			proxyType = 1;
			remoteGlobalIDString = FB5D24CF20D2D27E00A3C150;
			remoteInfo = game;
		};
/* End PBXContainerItemProxy section */

/* Begin PBXFileReference section */
		FB5D24D020D2D27E00A3C150 /* game.app */ = {isa = PBXFileReference; explicitFileType = wrapper.application; includeInIndex = 0; path = game.app; sourceTree = BUILT_PRODUCTS_DIR; };
		FB5D24D320D2D27E00A3C150 /* AppDelegate.swift */ = {isa = PBXFileReference; lastKnownFileType = sourcecode.swift; path = AppDelegate.swift; sourceTree = "<group>"; };
		FB5D24D520D2D27E00A3C150 /* ViewController.swift */ = {isa = PBXFileReference; lastKnownFileType = sourcecode.swift; path = ViewController.swift; sourceTree = "<group>"; };
		FB5D24D820D2D27E00A3C150 /* Base */ = {isa = PBXFileReference; lastKnownFileType = file.storyboard; name = Base; path = Base.lproj/Main.storyboard; sourceTree = "<group>"; };
		FB5D24DA20D2D28000A3C150 /* Assets.xcassets */ = {isa = PBXFileReference; lastKnownFileType = folder.assetcatalog; path = Assets.xcassets; sourceTree = "<group>"; };
		FB5D24DD20D2D28000A3C150 /* Base */ = {isa = PBXFileReference; lastKnownFileType = file.storyboard; name = Base; path = Base.lproj/LaunchScreen.storyboard; sourceTree = "<group>"; };
		FB5D24DF20D2D28000A3C150 /* Info.plist */ = {isa = PBXFileReference; lastKnownFileType = text.plist.xml; path = Info.plist; sourceTree = "<group>"; };
		FB5D24E420D2D28000A3C150 /* gameTests.xctest */ = {isa = PBXFileReference; explicitFileType = wrapper.cfbundle; includeInIndex = 0; path = gameTests.xctest; sourceTree = BUILT_PRODUCTS_DIR; };
		FB5D24E820D2D28000A3C150 /* gameTests.swift */ = {isa = PBXFileReference; lastKnownFileType = sourcecode.swift; path = gameTests.swift; sourceTree = "<group>"; };
		FB5D24EA20D2D28000A3C150 /* Info.plist */ = {isa = PBXFileReference; lastKnownFileType = text.plist.xml; path = Info.plist; sourceTree = "<group>"; };
		FB5D24EF20D2D28000A3C150 /* gameUITests.xctest */ = {isa = PBXFileReference; explicitFileType = wrapper.cfbundle; includeInIndex = 0; path = gameUITests.xctest; sourceTree = BUILT_PRODUCTS_DIR; };
		FB5D24F320D2D28000A3C150 /* gameUITests.swift */ = {isa = PBXFileReference; lastKnownFileType = sourcecode.swift; path = gameUITests.swift; sourceTree = "<group>"; };
		FB5D24F520D2D28000A3C150 /* Info.plist */ = {isa = PBXFileReference; lastKnownFileType = text.plist.xml; path = Info.plist; sourceTree = "<group>"; };
		FB5D254120D2DD9D00A3C150 /* GameScene.swift */ = {isa = PBXFileReference; lastKnownFileType = sourcecode.swift; path = GameScene.swift; sourceTree = "<group>"; };
		FBD5AEB220D6880F0098619D /* GameOver.swift */ = {isa = PBXFileReference; lastKnownFileType = sourcecode.swift; path = GameOver.swift; sourceTree = "<group>"; };
		FBD5AEB520D69B510098619D /* laserBlue13.png */ = {isa = PBXFileReference; lastKnownFileType = image.png; path = laserBlue13.png; sourceTree = "<group>"; };
		FBD5AEB620D69B510098619D /* laserBlue12.png */ = {isa = PBXFileReference; lastKnownFileType = image.png; path = laserBlue12.png; sourceTree = "<group>"; };
		FBD5AEB720D69B510098619D /* laserBlue15.png */ = {isa = PBXFileReference; lastKnownFileType = image.png; path = laserBlue15.png; sourceTree = "<group>"; };
		FBD5AEB820D69B510098619D /* laserBlue14.png */ = {isa = PBXFileReference; lastKnownFileType = image.png; path = laserBlue14.png; sourceTree = "<group>"; };
		FBD5AEB920D69B510098619D /* laserBlue16.png */ = {isa = PBXFileReference; lastKnownFileType = image.png; path = laserBlue16.png; sourceTree = "<group>"; };
		FBD5AEBA20D69B510098619D /* ufoBlue.png */ = {isa = PBXFileReference; lastKnownFileType = image.png; path = ufoBlue.png; sourceTree = "<group>"; };
		FBD5AEBB20D69B510098619D /* ship1.png */ = {isa = PBXFileReference; lastKnownFileType = image.png; path = ship1.png; sourceTree = "<group>"; };
		FBD5AEBD20D69B510098619D /* meteorBrown_big3.png */ = {isa = PBXFileReference; lastKnownFileType = image.png; path = meteorBrown_big3.png; sourceTree = "<group>"; };
		FBD5AEBE20D69B510098619D /* meteorBrown_big2.png */ = {isa = PBXFileReference; lastKnownFileType = image.png; path = meteorBrown_big2.png; sourceTree = "<group>"; };
		FBD5AEBF20D69B510098619D /* meteorBrown_big1.png */ = {isa = PBXFileReference; lastKnownFileType = image.png; path = meteorBrown_big1.png; sourceTree = "<group>"; };
		FBD5AEC020D69B510098619D /* meteorGrey_med2.png */ = {isa = PBXFileReference; lastKnownFileType = image.png; path = meteorGrey_med2.png; sourceTree = "<group>"; };
		FBD5AEC120D69B510098619D /* meteorBrown_big4.png */ = {isa = PBXFileReference; lastKnownFileType = image.png; path = meteorBrown_big4.png; sourceTree = "<group>"; };
		FBD5AEC220D69B510098619D /* meteorGrey_med1.png */ = {isa = PBXFileReference; lastKnownFileType = image.png; path = meteorGrey_med1.png; sourceTree = "<group>"; };
		FBD5AEC320D69B510098619D /* meteorGrey_big2.png */ = {isa = PBXFileReference; lastKnownFileType = image.png; path = meteorGrey_big2.png; sourceTree = "<group>"; };
		FBD5AEC420D69B510098619D /* meteorGrey_big3.png */ = {isa = PBXFileReference; lastKnownFileType = image.png; path = meteorGrey_big3.png; sourceTree = "<group>"; };
		FBD5AEC520D69B510098619D /* meteorGrey_big1.png */ = {isa = PBXFileReference; lastKnownFileType = image.png; path = meteorGrey_big1.png; sourceTree = "<group>"; };
		FBD5AEC620D69B510098619D /* meteorBrown_med3.png */ = {isa = PBXFileReference; lastKnownFileType = image.png; path = meteorBrown_med3.png; sourceTree = "<group>"; };
		FBD5AEC720D69B510098619D /* meteorGrey_big4.png */ = {isa = PBXFileReference; lastKnownFileType = image.png; path = meteorGrey_big4.png; sourceTree = "<group>"; };
		FBD5AEC820D69B510098619D /* meteorBrown_med1.png */ = {isa = PBXFileReference; lastKnownFileType = image.png; path = meteorBrown_med1.png; sourceTree = "<group>"; };
		FBD5AEC920D69B510098619D /* purple.png */ = {isa = PBXFileReference; lastKnownFileType = image.png; path = purple.png; sourceTree = "<group>"; };
/* End PBXFileReference section */

/* Begin PBXFrameworksBuildPhase section */
		FB5D24CD20D2D27E00A3C150 /* Frameworks */ = {
			isa = PBXFrameworksBuildPhase;
			buildActionMask = 2147483647;
			files = (
			);
			runOnlyForDeploymentPostprocessing = 0;
		};
		FB5D24E120D2D28000A3C150 /* Frameworks */ = {
			isa = PBXFrameworksBuildPhase;
			buildActionMask = 2147483647;
			files = (
			);
			runOnlyForDeploymentPostprocessing = 0;
		};
		FB5D24EC20D2D28000A3C150 /* Frameworks */ = {
			isa = PBXFrameworksBuildPhase;
			buildActionMask = 2147483647;
			files = (
			);
			runOnlyForDeploymentPostprocessing = 0;
		};
/* End PBXFrameworksBuildPhase section */

/* Begin PBXGroup section */
		FB5D24C720D2D27E00A3C150 = {
			isa = PBXGroup;
			children = (
				FB5D24D220D2D27E00A3C150 /* game */,
				FB5D24E720D2D28000A3C150 /* gameTests */,
				FB5D24F220D2D28000A3C150 /* gameUITests */,
				FB5D24D120D2D27E00A3C150 /* Products */,
			);
			sourceTree = "<group>";
		};
		FB5D24D120D2D27E00A3C150 /* Products */ = {
			isa = PBXGroup;
			children = (
				FB5D24D020D2D27E00A3C150 /* game.app */,
				FB5D24E420D2D28000A3C150 /* gameTests.xctest */,
				FB5D24EF20D2D28000A3C150 /* gameUITests.xctest */,
			);
			name = Products;
			sourceTree = "<group>";
		};
		FB5D24D220D2D27E00A3C150 /* game */ = {
			isa = PBXGroup;
			children = (
				FBD5AEB420D69B510098619D /* Assets */,
				FB5D24D320D2D27E00A3C150 /* AppDelegate.swift */,
				FB5D254120D2DD9D00A3C150 /* GameScene.swift */,
				FB5D24D520D2D27E00A3C150 /* ViewController.swift */,
				FB5D24D720D2D27E00A3C150 /* Main.storyboard */,
				FB5D24DA20D2D28000A3C150 /* Assets.xcassets */,
				FB5D24DC20D2D28000A3C150 /* LaunchScreen.storyboard */,
				FB5D24DF20D2D28000A3C150 /* Info.plist */,
				FBD5AEB220D6880F0098619D /* GameOver.swift */,
			);
			path = game;
			sourceTree = "<group>";
		};
		FB5D24E720D2D28000A3C150 /* gameTests */ = {
			isa = PBXGroup;
			children = (
				FB5D24E820D2D28000A3C150 /* gameTests.swift */,
				FB5D24EA20D2D28000A3C150 /* Info.plist */,
			);
			path = gameTests;
			sourceTree = "<group>";
		};
		FB5D24F220D2D28000A3C150 /* gameUITests */ = {
			isa = PBXGroup;
			children = (
				FB5D24F320D2D28000A3C150 /* gameUITests.swift */,
				FB5D24F520D2D28000A3C150 /* Info.plist */,
			);
			path = gameUITests;
			sourceTree = "<group>";
		};
		FBD5AEB420D69B510098619D /* Assets */ = {
			isa = PBXGroup;
			children = (
				FBD5AEB520D69B510098619D /* laserBlue13.png */,
				FBD5AEB620D69B510098619D /* laserBlue12.png */,
				FBD5AEB720D69B510098619D /* laserBlue15.png */,
				FBD5AEB820D69B510098619D /* laserBlue14.png */,
				FBD5AEB920D69B510098619D /* laserBlue16.png */,
				FBD5AEBA20D69B510098619D /* ufoBlue.png */,
				FBD5AEBB20D69B510098619D /* ship1.png */,
				FBD5AEBC20D69B510098619D /* Meteors */,
				FBD5AEC920D69B510098619D /* purple.png */,
			);
			path = Assets;
			sourceTree = SOURCE_ROOT;
		};
		FBD5AEBC20D69B510098619D /* Meteors */ = {
			isa = PBXGroup;
			children = (
				FBD5AEBD20D69B510098619D /* meteorBrown_big3.png */,
				FBD5AEBE20D69B510098619D /* meteorBrown_big2.png */,
				FBD5AEBF20D69B510098619D /* meteorBrown_big1.png */,
				FBD5AEC020D69B510098619D /* meteorGrey_med2.png */,
				FBD5AEC120D69B510098619D /* meteorBrown_big4.png */,
				FBD5AEC220D69B510098619D /* meteorGrey_med1.png */,
				FBD5AEC320D69B510098619D /* meteorGrey_big2.png */,
				FBD5AEC420D69B510098619D /* meteorGrey_big3.png */,
				FBD5AEC520D69B510098619D /* meteorGrey_big1.png */,
				FBD5AEC620D69B510098619D /* meteorBrown_med3.png */,
				FBD5AEC720D69B510098619D /* meteorGrey_big4.png */,
				FBD5AEC820D69B510098619D /* meteorBrown_med1.png */,
			);
			path = Meteors;
			sourceTree = "<group>";
		};
/* End PBXGroup section */

/* Begin PBXNativeTarget section */
		FB5D24CF20D2D27E00A3C150 /* game */ = {
			isa = PBXNativeTarget;
			buildConfigurationList = FB5D24F820D2D28000A3C150 /* Build configuration list for PBXNativeTarget "game" */;
			buildPhases = (
				FB5D24CC20D2D27E00A3C150 /* Sources */,
				FB5D24CD20D2D27E00A3C150 /* Frameworks */,
				FB5D24CE20D2D27E00A3C150 /* Resources */,
			);
			buildRules = (
			);
			dependencies = (
			);
			name = game;
			productName = game;
			productReference = FB5D24D020D2D27E00A3C150 /* game.app */;
			productType = "com.apple.product-type.application";
		};
		FB5D24E320D2D28000A3C150 /* gameTests */ = {
			isa = PBXNativeTarget;
			buildConfigurationList = FB5D24FB20D2D28000A3C150 /* Build configuration list for PBXNativeTarget "gameTests" */;
			buildPhases = (
				FB5D24E020D2D28000A3C150 /* Sources */,
				FB5D24E120D2D28000A3C150 /* Frameworks */,
				FB5D24E220D2D28000A3C150 /* Resources */,
			);
			buildRules = (
			);
			dependencies = (
				FB5D24E620D2D28000A3C150 /* PBXTargetDependency */,
			);
			name = gameTests;
			productName = gameTests;
			productReference = FB5D24E420D2D28000A3C150 /* gameTests.xctest */;
			productType = "com.apple.product-type.bundle.unit-test";
		};
		FB5D24EE20D2D28000A3C150 /* gameUITests */ = {
			isa = PBXNativeTarget;
			buildConfigurationList = FB5D24FE20D2D28000A3C150 /* Build configuration list for PBXNativeTarget "gameUITests" */;
			buildPhases = (
				FB5D24EB20D2D28000A3C150 /* Sources */,
				FB5D24EC20D2D28000A3C150 /* Frameworks */,
				FB5D24ED20D2D28000A3C150 /* Resources */,
			);
			buildRules = (
			);
			dependencies = (
				FB5D24F120D2D28000A3C150 /* PBXTargetDependency */,
			);
			name = gameUITests;
			productName = gameUITests;
			productReference = FB5D24EF20D2D28000A3C150 /* gameUITests.xctest */;
			productType = "com.apple.product-type.bundle.ui-testing";
		};
/* End PBXNativeTarget section */

/* Begin PBXProject section */
		FB5D24C820D2D27E00A3C150 /* Project object */ = {
			isa = PBXProject;
			attributes = {
				LastSwiftUpdateCheck = 0940;
				LastUpgradeCheck = 0940;
				ORGANIZATIONNAME = "Marcus Gardner";
				TargetAttributes = {
					FB5D24CF20D2D27E00A3C150 = {
						CreatedOnToolsVersion = 9.4.1;
					};
					FB5D24E320D2D28000A3C150 = {
						CreatedOnToolsVersion = 9.4.1;
						TestTargetID = FB5D24CF20D2D27E00A3C150;
					};
					FB5D24EE20D2D28000A3C150 = {
						CreatedOnToolsVersion = 9.4.1;
						TestTargetID = FB5D24CF20D2D27E00A3C150;
					};
				};
			};
			buildConfigurationList = FB5D24CB20D2D27E00A3C150 /* Build configuration list for PBXProject "game" */;
			compatibilityVersion = "Xcode 9.3";
			developmentRegion = en;
			hasScannedForEncodings = 0;
			knownRegions = (
				en,
				Base,
			);
			mainGroup = FB5D24C720D2D27E00A3C150;
			productRefGroup = FB5D24D120D2D27E00A3C150 /* Products */;
			projectDirPath = "";
			projectRoot = "";
			targets = (
				FB5D24CF20D2D27E00A3C150 /* game */,
				FB5D24E320D2D28000A3C150 /* gameTests */,
				FB5D24EE20D2D28000A3C150 /* gameUITests */,
			);
		};
/* End PBXProject section */

/* Begin PBXResourcesBuildPhase section */
		FB5D24CE20D2D27E00A3C150 /* Resources */ = {
			isa = PBXResourcesBuildPhase;
			buildActionMask = 2147483647;
			files = (
				FBD5AED520D69B510098619D /* meteorBrown_big4.png in Resources */,
				FBD5AEDB20D69B510098619D /* meteorGrey_big4.png in Resources */,
				FBD5AED820D69B510098619D /* meteorGrey_big3.png in Resources */,
				FBD5AEDC20D69B510098619D /* meteorBrown_med1.png in Resources */,
				FBD5AED320D69B510098619D /* meteorBrown_big1.png in Resources */,
				FBD5AECE20D69B510098619D /* laserBlue16.png in Resources */,
				FBD5AED020D69B510098619D /* ship1.png in Resources */,
				FBD5AEDD20D69B510098619D /* purple.png in Resources */,
				FBD5AECF20D69B510098619D /* ufoBlue.png in Resources */,
				FBD5AED920D69B510098619D /* meteorGrey_big1.png in Resources */,
				FB5D24DE20D2D28000A3C150 /* LaunchScreen.storyboard in Resources */,
				FBD5AECA20D69B510098619D /* laserBlue13.png in Resources */,
				FB5D24DB20D2D28000A3C150 /* Assets.xcassets in Resources */,
				FBD5AED220D69B510098619D /* meteorBrown_big2.png in Resources */,
				FBD5AED420D69B510098619D /* meteorGrey_med2.png in Resources */,
				FBD5AED120D69B510098619D /* meteorBrown_big3.png in Resources */,
				FBD5AECD20D69B510098619D /* laserBlue14.png in Resources */,
				FBD5AECC20D69B510098619D /* laserBlue15.png in Resources */,
				FBD5AECB20D69B510098619D /* laserBlue12.png in Resources */,
				FBD5AED720D69B510098619D /* meteorGrey_big2.png in Resources */,
				FB5D24D920D2D27E00A3C150 /* Main.storyboard in Resources */,
				FBD5AED620D69B510098619D /* meteorGrey_med1.png in Resources */,
				FBD5AEDA20D69B510098619D /* meteorBrown_med3.png in Resources */,
			);
			runOnlyForDeploymentPostprocessing = 0;
		};
		FB5D24E220D2D28000A3C150 /* Resources */ = {
			isa = PBXResourcesBuildPhase;
			buildActionMask = 2147483647;
			files = (
			);
			runOnlyForDeploymentPostprocessing = 0;
		};
		FB5D24ED20D2D28000A3C150 /* Resources */ = {
			isa = PBXResourcesBuildPhase;
			buildActionMask = 2147483647;
			files = (
			);
			runOnlyForDeploymentPostprocessing = 0;
		};
/* End PBXResourcesBuildPhase section */

/* Begin PBXSourcesBuildPhase section */
		FB5D24CC20D2D27E00A3C150 /* Sources */ = {
			isa = PBXSourcesBuildPhase;
			buildActionMask = 2147483647;
			files = (
				FB5D254220D2DD9D00A3C150 /* GameScene.swift in Sources */,
				FB5D24D620D2D27E00A3C150 /* ViewController.swift in Sources */,
				FB5D24D420D2D27E00A3C150 /* AppDelegate.swift in Sources */,
				FBD5AEB320D6880F0098619D /* GameOver.swift in Sources */,
			);
			runOnlyForDeploymentPostprocessing = 0;
		};
		FB5D24E020D2D28000A3C150 /* Sources */ = {
			isa = PBXSourcesBuildPhase;
			buildActionMask = 2147483647;
			files = (
				FB5D24E920D2D28000A3C150 /* gameTests.swift in Sources */,
			);
			runOnlyForDeploymentPostprocessing = 0;
		};
		FB5D24EB20D2D28000A3C150 /* Sources */ = {
			isa = PBXSourcesBuildPhase;
			buildActionMask = 2147483647;
			files = (
				FB5D24F420D2D28000A3C150 /* gameUITests.swift in Sources */,
			);
			runOnlyForDeploymentPostprocessing = 0;
		};
/* End PBXSourcesBuildPhase section */

/* Begin PBXTargetDependency section */
		FB5D24E620D2D28000A3C150 /* PBXTargetDependency */ = {
			isa = PBXTargetDependency;
			target = FB5D24CF20D2D27E00A3C150 /* game */;
			targetProxy = FB5D24E520D2D28000A3C150 /* PBXContainerItemProxy */;
		};
		FB5D24F120D2D28000A3C150 /* PBXTargetDependency */ = {
			isa = PBXTargetDependency;
			target = FB5D24CF20D2D27E00A3C150 /* game */;
			targetProxy = FB5D24F020D2D28000A3C150 /* PBXContainerItemProxy */;
		};
/* End PBXTargetDependency section */

/* Begin PBXVariantGroup section */
		FB5D24D720D2D27E00A3C150 /* Main.storyboard */ = {
			isa = PBXVariantGroup;
			children = (
				FB5D24D820D2D27E00A3C150 /* Base */,
			);
			name = Main.storyboard;
			sourceTree = "<group>";
		};
		FB5D24DC20D2D28000A3C150 /* LaunchScreen.storyboard */ = {
			isa = PBXVariantGroup;
			children = (
				FB5D24DD20D2D28000A3C150 /* Base */,
			);
			name = LaunchScreen.storyboard;
			sourceTree = "<group>";
		};
/* End PBXVariantGroup section */

/* Begin XCBuildConfiguration section */
		FB5D24F620D2D28000A3C150 /* Debug */ = {
			isa = XCBuildConfiguration;
			buildSettings = {
				ALWAYS_SEARCH_USER_PATHS = NO;
				CLANG_ANALYZER_NONNULL = YES;
				CLANG_ANALYZER_NUMBER_OBJECT_CONVERSION = YES_AGGRESSIVE;
				CLANG_CXX_LANGUAGE_STANDARD = "gnu++14";
				CLANG_CXX_LIBRARY = "libc++";
				CLANG_ENABLE_MODULES = YES;
				CLANG_ENABLE_OBJC_ARC = YES;
				CLANG_ENABLE_OBJC_WEAK = YES;
				CLANG_WARN_BLOCK_CAPTURE_AUTORELEASING = YES;
				CLANG_WARN_BOOL_CONVERSION = YES;
				CLANG_WARN_COMMA = YES;
				CLANG_WARN_CONSTANT_CONVERSION = YES;
				CLANG_WARN_DEPRECATED_OBJC_IMPLEMENTATIONS = YES;
				CLANG_WARN_DIRECT_OBJC_ISA_USAGE = YES_ERROR;
				CLANG_WARN_DOCUMENTATION_COMMENTS = YES;
				CLANG_WARN_EMPTY_BODY = YES;
				CLANG_WARN_ENUM_CONVERSION = YES;
				CLANG_WARN_INFINITE_RECURSION = YES;
				CLANG_WARN_INT_CONVERSION = YES;
				CLANG_WARN_NON_LITERAL_NULL_CONVERSION = YES;
				CLANG_WARN_OBJC_IMPLICIT_RETAIN_SELF = YES;
				CLANG_WARN_OBJC_LITERAL_CONVERSION = YES;
				CLANG_WARN_OBJC_ROOT_CLASS = YES_ERROR;
				CLANG_WARN_RANGE_LOOP_ANALYSIS = YES;
				CLANG_WARN_STRICT_PROTOTYPES = YES;
				CLANG_WARN_SUSPICIOUS_MOVE = YES;
				CLANG_WARN_UNGUARDED_AVAILABILITY = YES_AGGRESSIVE;
				CLANG_WARN_UNREACHABLE_CODE = YES;
				CLANG_WARN__DUPLICATE_METHOD_MATCH = YES;
				CODE_SIGN_IDENTITY = "iPhone Developer";
				COPY_PHASE_STRIP = NO;
				DEBUG_INFORMATION_FORMAT = dwarf;
				ENABLE_STRICT_OBJC_MSGSEND = YES;
				ENABLE_TESTABILITY = YES;
				GCC_C_LANGUAGE_STANDARD = gnu11;
				GCC_DYNAMIC_NO_PIC = NO;
				GCC_NO_COMMON_BLOCKS = YES;
				GCC_OPTIMIZATION_LEVEL = 0;
				GCC_PREPROCESSOR_DEFINITIONS = (
					"DEBUG=1",
					"$(inherited)",
				);
				GCC_WARN_64_TO_32_BIT_CONVERSION = YES;
				GCC_WARN_ABOUT_RETURN_TYPE = YES_ERROR;
				GCC_WARN_UNDECLARED_SELECTOR = YES;
				GCC_WARN_UNINITIALIZED_AUTOS = YES_AGGRESSIVE;
				GCC_WARN_UNUSED_FUNCTION = YES;
				GCC_WARN_UNUSED_VARIABLE = YES;
				IPHONEOS_DEPLOYMENT_TARGET = 11.4;
				MTL_ENABLE_DEBUG_INFO = YES;
				ONLY_ACTIVE_ARCH = YES;
				SDKROOT = iphoneos;
				SWIFT_ACTIVE_COMPILATION_CONDITIONS = DEBUG;
				SWIFT_OPTIMIZATION_LEVEL = "-Onone";
			};
			name = Debug;
		};
		FB5D24F720D2D28000A3C150 /* Release */ = {
			isa = XCBuildConfiguration;
			buildSettings = {
				ALWAYS_SEARCH_USER_PATHS = NO;
				CLANG_ANALYZER_NONNULL = YES;
				CLANG_ANALYZER_NUMBER_OBJECT_CONVERSION = YES_AGGRESSIVE;
				CLANG_CXX_LANGUAGE_STANDARD = "gnu++14";
				CLANG_CXX_LIBRARY = "libc++";
				CLANG_ENABLE_MODULES = YES;
				CLANG_ENABLE_OBJC_ARC = YES;
				CLANG_ENABLE_OBJC_WEAK = YES;
				CLANG_WARN_BLOCK_CAPTURE_AUTORELEASING = YES;
				CLANG_WARN_BOOL_CONVERSION = YES;
				CLANG_WARN_COMMA = YES;
				CLANG_WARN_CONSTANT_CONVERSION = YES;
				CLANG_WARN_DEPRECATED_OBJC_IMPLEMENTATIONS = YES;
				CLANG_WARN_DIRECT_OBJC_ISA_USAGE = YES_ERROR;
				CLANG_WARN_DOCUMENTATION_COMMENTS = YES;
				CLANG_WARN_EMPTY_BODY = YES;
				CLANG_WARN_ENUM_CONVERSION = YES;
				CLANG_WARN_INFINITE_RECURSION = YES;
				CLANG_WARN_INT_CONVERSION = YES;
				CLANG_WARN_NON_LITERAL_NULL_CONVERSION = YES;
				CLANG_WARN_OBJC_IMPLICIT_RETAIN_SELF = YES;
				CLANG_WARN_OBJC_LITERAL_CONVERSION = YES;
				CLANG_WARN_OBJC_ROOT_CLASS = YES_ERROR;
				CLANG_WARN_RANGE_LOOP_ANALYSIS = YES;
				CLANG_WARN_STRICT_PROTOTYPES = YES;
				CLANG_WARN_SUSPICIOUS_MOVE = YES;
				CLANG_WARN_UNGUARDED_AVAILABILITY = YES_AGGRESSIVE;
				CLANG_WARN_UNREACHABLE_CODE = YES;
				CLANG_WARN__DUPLICATE_METHOD_MATCH = YES;
				CODE_SIGN_IDENTITY = "iPhone Developer";
				COPY_PHASE_STRIP = NO;
				DEBUG_INFORMATION_FORMAT = "dwarf-with-dsym";
				ENABLE_NS_ASSERTIONS = NO;
				ENABLE_STRICT_OBJC_MSGSEND = YES;
				GCC_C_LANGUAGE_STANDARD = gnu11;
				GCC_NO_COMMON_BLOCKS = YES;
				GCC_WARN_64_TO_32_BIT_CONVERSION = YES;
				GCC_WARN_ABOUT_RETURN_TYPE = YES_ERROR;
				GCC_WARN_UNDECLARED_SELECTOR = YES;
				GCC_WARN_UNINITIALIZED_AUTOS = YES_AGGRESSIVE;
				GCC_WARN_UNUSED_FUNCTION = YES;
				GCC_WARN_UNUSED_VARIABLE = YES;
				IPHONEOS_DEPLOYMENT_TARGET = 11.4;
				MTL_ENABLE_DEBUG_INFO = NO;
				SDKROOT = iphoneos;
				SWIFT_COMPILATION_MODE = wholemodule;
				SWIFT_OPTIMIZATION_LEVEL = "-O";
				VALIDATE_PRODUCT = YES;
			};
			name = Release;
		};
		FB5D24F920D2D28000A3C150 /* Debug */ = {
			isa = XCBuildConfiguration;
			buildSettings = {
				ASSETCATALOG_COMPILER_APPICON_NAME = AppIcon;
				CODE_SIGN_STYLE = Automatic;
				DEVELOPMENT_TEAM = 83PC9N4FF4;
				INFOPLIST_FILE = game/Info.plist;
				LD_RUNPATH_SEARCH_PATHS = (
					"$(inherited)",
					"@executable_path/Frameworks",
				);
				PRODUCT_BUNDLE_IDENTIFIER = test.game;
				PRODUCT_NAME = "$(TARGET_NAME)";
				SWIFT_VERSION = 4.0;
				TARGETED_DEVICE_FAMILY = "1,2";
			};
			name = Debug;
		};
		FB5D24FA20D2D28000A3C150 /* Release */ = {
			isa = XCBuildConfiguration;
			buildSettings = {
				ASSETCATALOG_COMPILER_APPICON_NAME = AppIcon;
				CODE_SIGN_STYLE = Automatic;
				DEVELOPMENT_TEAM = 83PC9N4FF4;
				INFOPLIST_FILE = game/Info.plist;
				LD_RUNPATH_SEARCH_PATHS = (
					"$(inherited)",
					"@executable_path/Frameworks",
				);
				PRODUCT_BUNDLE_IDENTIFIER = test.game;
				PRODUCT_NAME = "$(TARGET_NAME)";
				SWIFT_VERSION = 4.0;
				TARGETED_DEVICE_FAMILY = "1,2";
			};
			name = Release;
		};
		FB5D24FC20D2D28000A3C150 /* Debug */ = {
			isa = XCBuildConfiguration;
			buildSettings = {
				ALWAYS_EMBED_SWIFT_STANDARD_LIBRARIES = YES;
				BUNDLE_LOADER = "$(TEST_HOST)";
				CODE_SIGN_STYLE = Automatic;
				INFOPLIST_FILE = gameTests/Info.plist;
				LD_RUNPATH_SEARCH_PATHS = (
					"$(inherited)",
					"@executable_path/Frameworks",
					"@loader_path/Frameworks",
				);
				PRODUCT_BUNDLE_IDENTIFIER = test.gameTests;
				PRODUCT_NAME = "$(TARGET_NAME)";
				SWIFT_VERSION = 4.0;
				TARGETED_DEVICE_FAMILY = "1,2";
				TEST_HOST = "$(BUILT_PRODUCTS_DIR)/game.app/game";
			};
			name = Debug;
		};
		FB5D24FD20D2D28000A3C150 /* Release */ = {
			isa = XCBuildConfiguration;
			buildSettings = {
				ALWAYS_EMBED_SWIFT_STANDARD_LIBRARIES = YES;
				BUNDLE_LOADER = "$(TEST_HOST)";
				CODE_SIGN_STYLE = Automatic;
				INFOPLIST_FILE = gameTests/Info.plist;
				LD_RUNPATH_SEARCH_PATHS = (
					"$(inherited)",
					"@executable_path/Frameworks",
					"@loader_path/Frameworks",
				);
				PRODUCT_BUNDLE_IDENTIFIER = test.gameTests;
				PRODUCT_NAME = "$(TARGET_NAME)";
				SWIFT_VERSION = 4.0;
				TARGETED_DEVICE_FAMILY = "1,2";
				TEST_HOST = "$(BUILT_PRODUCTS_DIR)/game.app/game";
			};
			name = Release;
		};
		FB5D24FF20D2D28000A3C150 /* Debug */ = {
			isa = XCBuildConfiguration;
			buildSettings = {
				ALWAYS_EMBED_SWIFT_STANDARD_LIBRARIES = YES;
				CODE_SIGN_STYLE = Automatic;
				INFOPLIST_FILE = gameUITests/Info.plist;
				LD_RUNPATH_SEARCH_PATHS = (
					"$(inherited)",
					"@executable_path/Frameworks",
					"@loader_path/Frameworks",
				);
				PRODUCT_BUNDLE_IDENTIFIER = test.gameUITests;
				PRODUCT_NAME = "$(TARGET_NAME)";
				SWIFT_VERSION = 4.0;
				TARGETED_DEVICE_FAMILY = "1,2";
				TEST_TARGET_NAME = game;
			};
			name = Debug;
		};
		FB5D250020D2D28000A3C150 /* Release */ = {
			isa = XCBuildConfiguration;
			buildSettings = {
				ALWAYS_EMBED_SWIFT_STANDARD_LIBRARIES = YES;
				CODE_SIGN_STYLE = Automatic;
				INFOPLIST_FILE = gameUITests/Info.plist;
				LD_RUNPATH_SEARCH_PATHS = (
					"$(inherited)",
					"@executable_path/Frameworks",
					"@loader_path/Frameworks",
				);
				PRODUCT_BUNDLE_IDENTIFIER = test.gameUITests;
				PRODUCT_NAME = "$(TARGET_NAME)";
				SWIFT_VERSION = 4.0;
				TARGETED_DEVICE_FAMILY = "1,2";
				TEST_TARGET_NAME = game;
			};
			name = Release;
		};
/* End XCBuildConfiguration section */

/* Begin XCConfigurationList section */
		FB5D24CB20D2D27E00A3C150 /* Build configuration list for PBXProject "game" */ = {
			isa = XCConfigurationList;
			buildConfigurations = (
				FB5D24F620D2D28000A3C150 /* Debug */,
				FB5D24F720D2D28000A3C150 /* Release */,
			);
			defaultConfigurationIsVisible = 0;
			defaultConfigurationName = Release;
		};
		FB5D24F820D2D28000A3C150 /* Build configuration list for PBXNativeTarget "game" */ = {
			isa = XCConfigurationList;
			buildConfigurations = (
				FB5D24F920D2D28000A3C150 /* Debug */,
				FB5D24FA20D2D28000A3C150 /* Release */,
			);
			defaultConfigurationIsVisible = 0;
			defaultConfigurationName = Release;
		};
		FB5D24FB20D2D28000A3C150 /* Build configuration list for PBXNativeTarget "gameTests" */ = {
			isa = XCConfigurationList;
			buildConfigurations = (
				FB5D24FC20D2D28000A3C150 /* Debug */,
				FB5D24FD20D2D28000A3C150 /* Release */,
			);
			defaultConfigurationIsVisible = 0;
			defaultConfigurationName = Release;
		};
		FB5D24FE20D2D28000A3C150 /* Build configuration list for PBXNativeTarget "gameUITests" */ = {
			isa = XCConfigurationList;
			buildConfigurations = (
				FB5D24FF20D2D28000A3C150 /* Debug */,
				FB5D250020D2D28000A3C150 /* Release */,
			);
			defaultConfigurationIsVisible = 0;
			defaultConfigurationName = Release;
		};
/* End XCConfigurationList section */
	};
	rootObject = FB5D24C820D2D27E00A3C150 /* Project object */;
}
